
Microsoft Visual Studio Solution File, Format Version 11.00
# Visual Studio 2010
Project("{8BC9CEB8-8B4A-11D0-8D11-00A0C91BC942}") = "YARP_Receiver", "YARP_Receiver\YARP_Receiver.vcxproj", "{D8D5A6B6-0985-4FFD-89C0-3FA660E8B311}"
EndProject
Global
	GlobalSection(SolutionConfigurationPlatforms) = preSolution
		Debug|Win32 = Debug|Win32
		Release|Win32 = Release|Win32
	EndGlobalSection
	GlobalSection(ProjectConfigurationPlatforms) = postSolution
		{D8D5A6B6-0985-4FFD-89C0-3FA660E8B311}.Debug|Win32.ActiveCfg = Debug|Win32
		{D8D5A6B6-0985-4FFD-89C0-3FA660E8B311}.Debug|Win32.Build.0 = Debug|Win32
		{D8D5A6B6-0985-4FFD-89C0-3FA660E8B311}.Release|Win32.ActiveCfg = Release|Win32
		{D8D5A6B6-0985-4FFD-89C0-3FA660E8B311}.Release|Win32.Build.0 = Release|Win32
	EndGlobalSection
	GlobalSection(SolutionProperties) = preSolution
		HideSolutionNode = FALSE
	EndGlobalSection
EndGlobal
